
Microsoft Visual Studio Solution File, Format Version 12.00
# Visual Studio Version 17
VisualStudioVersion = 17.0.31825.309
MinimumVisualStudioVersion = 10.0.40219.1
Project("{9A19103F-16F7-4668-BE54-9A1E7A4F7556}") = "GameDotNet.Core", "GameDotNet.Core\GameDotNet.Core.csproj", "{9AD29C33-0253-436F-96EC-CE22C61990EB}"
EndProject
Project("{9A19103F-16F7-4668-BE54-9A1E7A4F7556}") = "GameDotNet.Benchmarks", "GameDotNet.Benchmarks\GameDotNet.Benchmarks.csproj", "{1E9121D0-4782-4D55-9D8B-D6BAA96A77D1}"
EndProject
Project("{9A19103F-16F7-4668-BE54-9A1E7A4F7556}") = "GameDotNet.Tests", "GameDotNet.Tests\GameDotNet.Tests.csproj", "{71DE0E94-2960-4A62-A8FA-A9C21CFAE610}"
EndProject
Project("{2150E333-8FDC-42A3-9474-1A3956D46DE8}") = "Generators", "Generators", "{DE1E45DA-98FB-4EA7-808A-2FF15B003E64}"
EndProject
Project("{9A19103F-16F7-4668-BE54-9A1E7A4F7556}") = "GameDotNet.Generators.Shader", "GameDotNet.Generators.Shader\GameDotNet.Generators.Shader.csproj", "{1F511BAA-4256-4E85-816A-D2CE60F2F0C1}"
EndProject
Project("{9A19103F-16F7-4668-BE54-9A1E7A4F7556}") = "GameDotNet.SampleGame", "GameDotNet.SampleGame\GameDotNet.SampleGame.csproj", "{FFACFDC3-5E18-422A-945C-BB1BE982E9A9}"
EndProject
Project("{D954291E-2A0B-460D-934E-DC6B0785DB48}") = "GameDotNet.Generators.Shared", "GameDotNet.Generators.Shared\GameDotNet.Generators.Shared.shproj", "{2F8C763B-0E95-4DA6-8C9D-55E5865ED538}"
EndProject
Project("{2150E333-8FDC-42A3-9474-1A3956D46DE8}") = "ThirdParty", "ThirdParty", "{9D7A6408-738F-48DF-8018-0555A49B2DE8}"
EndProject
Project("{FAE04EC0-301F-11D3-BF4B-00C04F79EFBC}") = "SpirvReflectSharp", "ThirdParty\SpirVReflectSharp\SpirvReflectSharp.csproj", "{0E32BC3E-37FD-4AAC-B174-E2E30F1E0F17}"
EndProject
Project("{FAE04EC0-301F-11D3-BF4B-00C04F79EFBC}") = "GameDotNet.Graphics", "GameDotNet.Graphics\GameDotNet.Graphics.csproj", "{661941CB-FDDD-4BA1-80F0-AB8052CD3F33}"
EndProject
Project("{FAE04EC0-301F-11D3-BF4B-00C04F79EFBC}") = "GameDotNet.Graphics.Vulkan", "GameDotNet.Graphics.Vulkan\GameDotNet.Graphics.Vulkan.csproj", "{01A4B3D1-7550-4980-BD81-84F5A2B81394}"
EndProject
Project("{FAE04EC0-301F-11D3-BF4B-00C04F79EFBC}") = "GameDotNet.Graphics.Shaders", "GameDotNet.Graphics.Shaders\GameDotNet.Graphics.Shaders.csproj", "{400E66AA-C2D6-438E-BB19-E50A18EA075B}"
EndProject
Project("{FAE04EC0-301F-11D3-BF4B-00C04F79EFBC}") = "GameDotNet.Management", "GameDotNet.Management\GameDotNet.Management.csproj", "{84024253-354C-4C8D-A1E2-64D7A2BC1C98}"
EndProject
Project("{FAE04EC0-301F-11D3-BF4B-00C04F79EFBC}") = "GameDotNet.Hosting", "GameDotNet.Hosting\GameDotNet.Hosting.csproj", "{9940F8B2-1CB7-4965-929B-F191F888F5BA}"
EndProject
Project("{2150E333-8FDC-42A3-9474-1A3956D46DE8}") = "Solution Items", "Solution Items", "{B474408B-6750-400C-8DB7-DF4D0CF42F75}"
	ProjectSection(SolutionItems) = preProject
		global.json = global.json
		NuGet.Config = NuGet.Config
		README.md = README.md
	EndProjectSection
EndProject
Global
	GlobalSection(SharedMSBuildProjectFiles) = preSolution
		GameDotNet.Generators.Shared\GameDotNet.Generators.Shared.projitems*{05db94d8-781e-4f0b-8342-5f502704e41d}*SharedItemsImports = 5
		GameDotNet.Generators.Shared\GameDotNet.Generators.Shared.projitems*{1f511baa-4256-4e85-816a-d2ce60f2f0c1}*SharedItemsImports = 5
		GameDotNet.Generators.Shared\GameDotNet.Generators.Shared.projitems*{2f8c763b-0e95-4da6-8c9d-55e5865ed538}*SharedItemsImports = 13
	EndGlobalSection
	GlobalSection(SolutionConfigurationPlatforms) = preSolution
		Debug|Any CPU = Debug|Any CPU
		Release|Any CPU = Release|Any CPU
	EndGlobalSection
	GlobalSection(ProjectConfigurationPlatforms) = postSolution
		{9AD29C33-0253-436F-96EC-CE22C61990EB}.Debug|Any CPU.ActiveCfg = Debug|Any CPU
		{9AD29C33-0253-436F-96EC-CE22C61990EB}.Debug|Any CPU.Build.0 = Debug|Any CPU
		{9AD29C33-0253-436F-96EC-CE22C61990EB}.Release|Any CPU.ActiveCfg = Release|Any CPU
		{9AD29C33-0253-436F-96EC-CE22C61990EB}.Release|Any CPU.Build.0 = Release|Any CPU
		{1E9121D0-4782-4D55-9D8B-D6BAA96A77D1}.Debug|Any CPU.ActiveCfg = Debug|Any CPU
		{1E9121D0-4782-4D55-9D8B-D6BAA96A77D1}.Debug|Any CPU.Build.0 = Debug|Any CPU
		{1E9121D0-4782-4D55-9D8B-D6BAA96A77D1}.Release|Any CPU.ActiveCfg = Release|Any CPU
		{1E9121D0-4782-4D55-9D8B-D6BAA96A77D1}.Release|Any CPU.Build.0 = Release|Any CPU
		{71DE0E94-2960-4A62-A8FA-A9C21CFAE610}.Debug|Any CPU.ActiveCfg = Debug|Any CPU
		{71DE0E94-2960-4A62-A8FA-A9C21CFAE610}.Debug|Any CPU.Build.0 = Debug|Any CPU
		{71DE0E94-2960-4A62-A8FA-A9C21CFAE610}.Release|Any CPU.ActiveCfg = Release|Any CPU
		{71DE0E94-2960-4A62-A8FA-A9C21CFAE610}.Release|Any CPU.Build.0 = Release|Any CPU
		{1F511BAA-4256-4E85-816A-D2CE60F2F0C1}.Debug|Any CPU.ActiveCfg = Debug|Any CPU
		{1F511BAA-4256-4E85-816A-D2CE60F2F0C1}.Debug|Any CPU.Build.0 = Debug|Any CPU
		{1F511BAA-4256-4E85-816A-D2CE60F2F0C1}.Release|Any CPU.ActiveCfg = Release|Any CPU
		{1F511BAA-4256-4E85-816A-D2CE60F2F0C1}.Release|Any CPU.Build.0 = Release|Any CPU
		{FFACFDC3-5E18-422A-945C-BB1BE982E9A9}.Debug|Any CPU.ActiveCfg = Debug|Any CPU
		{FFACFDC3-5E18-422A-945C-BB1BE982E9A9}.Debug|Any CPU.Build.0 = Debug|Any CPU
		{FFACFDC3-5E18-422A-945C-BB1BE982E9A9}.Release|Any CPU.ActiveCfg = Release|Any CPU
		{FFACFDC3-5E18-422A-945C-BB1BE982E9A9}.Release|Any CPU.Build.0 = Release|Any CPU
		{0E32BC3E-37FD-4AAC-B174-E2E30F1E0F17}.Debug|Any CPU.ActiveCfg = Debug|Any CPU
		{0E32BC3E-37FD-4AAC-B174-E2E30F1E0F17}.Debug|Any CPU.Build.0 = Debug|Any CPU
		{0E32BC3E-37FD-4AAC-B174-E2E30F1E0F17}.Release|Any CPU.ActiveCfg = Release|Any CPU
		{0E32BC3E-37FD-4AAC-B174-E2E30F1E0F17}.Release|Any CPU.Build.0 = Release|Any CPU
		{661941CB-FDDD-4BA1-80F0-AB8052CD3F33}.Debug|Any CPU.ActiveCfg = Debug|Any CPU
		{661941CB-FDDD-4BA1-80F0-AB8052CD3F33}.Debug|Any CPU.Build.0 = Debug|Any CPU
		{661941CB-FDDD-4BA1-80F0-AB8052CD3F33}.Release|Any CPU.ActiveCfg = Release|Any CPU
		{661941CB-FDDD-4BA1-80F0-AB8052CD3F33}.Release|Any CPU.Build.0 = Release|Any CPU
		{01A4B3D1-7550-4980-BD81-84F5A2B81394}.Debug|Any CPU.ActiveCfg = Debug|Any CPU
		{01A4B3D1-7550-4980-BD81-84F5A2B81394}.Debug|Any CPU.Build.0 = Debug|Any CPU
		{01A4B3D1-7550-4980-BD81-84F5A2B81394}.Release|Any CPU.ActiveCfg = Release|Any CPU
		{01A4B3D1-7550-4980-BD81-84F5A2B81394}.Release|Any CPU.Build.0 = Release|Any CPU
		{400E66AA-C2D6-438E-BB19-E50A18EA075B}.Debug|Any CPU.ActiveCfg = Debug|Any CPU
		{400E66AA-C2D6-438E-BB19-E50A18EA075B}.Debug|Any CPU.Build.0 = Debug|Any CPU
		{400E66AA-C2D6-438E-BB19-E50A18EA075B}.Release|Any CPU.ActiveCfg = Release|Any CPU
		{400E66AA-C2D6-438E-BB19-E50A18EA075B}.Release|Any CPU.Build.0 = Release|Any CPU
		{84024253-354C-4C8D-A1E2-64D7A2BC1C98}.Debug|Any CPU.ActiveCfg = Debug|Any CPU
		{84024253-354C-4C8D-A1E2-64D7A2BC1C98}.Debug|Any CPU.Build.0 = Debug|Any CPU
		{84024253-354C-4C8D-A1E2-64D7A2BC1C98}.Release|Any CPU.ActiveCfg = Release|Any CPU
		{84024253-354C-4C8D-A1E2-64D7A2BC1C98}.Release|Any CPU.Build.0 = Release|Any CPU
		{9940F8B2-1CB7-4965-929B-F191F888F5BA}.Debug|Any CPU.ActiveCfg = Debug|Any CPU
		{9940F8B2-1CB7-4965-929B-F191F888F5BA}.Debug|Any CPU.Build.0 = Debug|Any CPU
		{9940F8B2-1CB7-4965-929B-F191F888F5BA}.Release|Any CPU.ActiveCfg = Release|Any CPU
		{9940F8B2-1CB7-4965-929B-F191F888F5BA}.Release|Any CPU.Build.0 = Release|Any CPU
	EndGlobalSection
	GlobalSection(SolutionProperties) = preSolution
		HideSolutionNode = FALSE
	EndGlobalSection
	GlobalSection(NestedProjects) = preSolution
		{1F511BAA-4256-4E85-816A-D2CE60F2F0C1} = {DE1E45DA-98FB-4EA7-808A-2FF15B003E64}
		{2F8C763B-0E95-4DA6-8C9D-55E5865ED538} = {DE1E45DA-98FB-4EA7-808A-2FF15B003E64}
		{0E32BC3E-37FD-4AAC-B174-E2E30F1E0F17} = {9D7A6408-738F-48DF-8018-0555A49B2DE8}
	EndGlobalSection
	GlobalSection(ExtensibilityGlobals) = postSolution
		SolutionGuid = {051079D1-B2BB-4FF3-99C6-EE9B3D05E696}
	EndGlobalSection
EndGlobal
