<Solution>
  <Folder Name="/Generators/">
    <Project Path="GameDotNet.Generators.Shader\GameDotNet.Generators.Shader.csproj" />
    <Project Path="GameDotNet.Generators.Shared\GameDotNet.Generators.Shared.shproj" />
  </Folder>
  <Folder Name="/Solution Items/">
    <File Path="Directory.Packages.props" />
    <File Path="global.json" />
    <File Path="NuGet.Config" />
    <File Path="README.md" />
    <File Path=".gitmodules" />
    <File Path=".github\dependabot.yml" />
    <File Path="Directory.Build.props" />
  </Folder>
  <Folder Name="/ThirdParty/" />
  <Project Path="GameDotNet.Benchmarks\GameDotNet.Benchmarks.csproj" />
  <Project Path="GameDotNet.Core\GameDotNet.Core.csproj" />
  <Project Path="GameDotNet.Editor.AppHost\GameDotNet.Editor.AppHost.csproj" />
  <Project Path="GameDotNet.Editor\GameDotNet.Editor.csproj" />
  <Project Path="GameDotNet.Graphics.Avalonia/GameDotNet.Graphics.Avalonia.csproj" />
  <Project Path="GameDotNet.Graphics.Vulkan/GameDotNet.Graphics.Vulkan.csproj" />
  <Project Path="GameDotNet.Graphics\GameDotNet.Graphics.csproj" />
  <Project Path="GameDotNet.Hosting\GameDotNet.Hosting.csproj" />
  <Project Path="GameDotNet.SampleGame\GameDotNet.SampleGame.csproj" />
  <Project Path="GameDotNet.Tests\GameDotNet.Tests.csproj" />
  <Project Path="ThirdParty\Aspire.ServiceDefaults\Aspire.ServiceDefaults.csproj" />
</Solution>